
Microsoft Visual Studio Solution File, Format Version 12.00
# Visual Studio Version 17
VisualStudioVersion = 17.0.31919.166
MinimumVisualStudioVersion = 10.0.40219.1
Project("{8BC9CEB8-8B4A-11D0-8D11-00A0C91BC942}") = "01.window窗口底层实现", "window窗口底层实现\window窗口底层实现.vcxproj", "{338EC011-646B-49A3-97C5-7C5A767CAC4C}"
EndProject
Project("{8BC9CEB8-8B4A-11D0-8D11-00A0C91BC942}") = "02.MFC的底层创建", "..\02.MFC的底层创建\MFC的底层创建.vcxproj", "{ED232881-D23F-42F5-9BA1-55E3F58F8A1F}"
EndProject
Project("{8BC9CEB8-8B4A-11D0-8D11-00A0C91BC942}") = "03.模态框和非模态框", "..\03.模态框和非模态框\03.模态框和非模态框.vcxproj", "{A3448E61-725B-4726-BCBC-BBCE9D13BA24}"
EndProject
Project("{8BC9CEB8-8B4A-11D0-8D11-00A0C91BC942}") = "04.静态文本", "..\04.静态文本\04.静态文本.vcxproj", "{0A520E50-6D0F-4FCC-B756-452CE0F4B9FA}"
EndProject
Project("{8BC9CEB8-8B4A-11D0-8D11-00A0C91BC942}") = "05.文本框", "..\05.文本框\05.文本框.vcxproj", "{D1134A24-05EA-418A-96B2-17D3AFCD0E91}"
EndProject
Project("{8BC9CEB8-8B4A-11D0-8D11-00A0C91BC942}") = "06.下拉框", "..\06.下拉框\06.下拉框.vcxproj", "{943502E7-B2A3-4C14-B7A1-D779C90CCDB6}"
EndProject
Project("{8BC9CEB8-8B4A-11D0-8D11-00A0C91BC942}") = "07.列表控件", "..\07.列表控件\07.列表控件.vcxproj", "{1CFE9637-69C2-472E-94CC-01914A6BE5D6}"
EndProject
Project("{8BC9CEB8-8B4A-11D0-8D11-00A0C91BC942}") = "08.树控件", "..\08.树控件\08.树控件.vcxproj", "{AE6B45F7-72F9-47F1-A4A2-09D0F126514F}"
EndProject
Global
	GlobalSection(SolutionConfigurationPlatforms) = preSolution
		Debug|x64 = Debug|x64
		Debug|x86 = Debug|x86
		Release|x64 = Release|x64
		Release|x86 = Release|x86
	EndGlobalSection
	GlobalSection(ProjectConfigurationPlatforms) = postSolution
		{338EC011-646B-49A3-97C5-7C5A767CAC4C}.Debug|x64.ActiveCfg = Debug|x64
		{338EC011-646B-49A3-97C5-7C5A767CAC4C}.Debug|x64.Build.0 = Debug|x64
		{338EC011-646B-49A3-97C5-7C5A767CAC4C}.Debug|x86.ActiveCfg = Debug|Win32
		{338EC011-646B-49A3-97C5-7C5A767CAC4C}.Debug|x86.Build.0 = Debug|Win32
		{338EC011-646B-49A3-97C5-7C5A767CAC4C}.Release|x64.ActiveCfg = Release|x64
		{338EC011-646B-49A3-97C5-7C5A767CAC4C}.Release|x64.Build.0 = Release|x64
		{338EC011-646B-49A3-97C5-7C5A767CAC4C}.Release|x86.ActiveCfg = Release|Win32
		{338EC011-646B-49A3-97C5-7C5A767CAC4C}.Release|x86.Build.0 = Release|Win32
		{ED232881-D23F-42F5-9BA1-55E3F58F8A1F}.Debug|x64.ActiveCfg = Debug|x64
		{ED232881-D23F-42F5-9BA1-55E3F58F8A1F}.Debug|x64.Build.0 = Debug|x64
		{ED232881-D23F-42F5-9BA1-55E3F58F8A1F}.Debug|x86.ActiveCfg = Debug|Win32
		{ED232881-D23F-42F5-9BA1-55E3F58F8A1F}.Debug|x86.Build.0 = Debug|Win32
		{ED232881-D23F-42F5-9BA1-55E3F58F8A1F}.Release|x64.ActiveCfg = Release|x64
		{ED232881-D23F-42F5-9BA1-55E3F58F8A1F}.Release|x64.Build.0 = Release|x64
		{ED232881-D23F-42F5-9BA1-55E3F58F8A1F}.Release|x86.ActiveCfg = Release|Win32
		{ED232881-D23F-42F5-9BA1-55E3F58F8A1F}.Release|x86.Build.0 = Release|Win32
		{A3448E61-725B-4726-BCBC-BBCE9D13BA24}.Debug|x64.ActiveCfg = Debug|x64
		{A3448E61-725B-4726-BCBC-BBCE9D13BA24}.Debug|x64.Build.0 = Debug|x64
		{A3448E61-725B-4726-BCBC-BBCE9D13BA24}.Debug|x86.ActiveCfg = Debug|Win32
		{A3448E61-725B-4726-BCBC-BBCE9D13BA24}.Debug|x86.Build.0 = Debug|Win32
		{A3448E61-725B-4726-BCBC-BBCE9D13BA24}.Release|x64.ActiveCfg = Release|x64
		{A3448E61-725B-4726-BCBC-BBCE9D13BA24}.Release|x64.Build.0 = Release|x64
		{A3448E61-725B-4726-BCBC-BBCE9D13BA24}.Release|x86.ActiveCfg = Release|Win32
		{A3448E61-725B-4726-BCBC-BBCE9D13BA24}.Release|x86.Build.0 = Release|Win32
		{0A520E50-6D0F-4FCC-B756-452CE0F4B9FA}.Debug|x64.ActiveCfg = Debug|x64
		{0A520E50-6D0F-4FCC-B756-452CE0F4B9FA}.Debug|x64.Build.0 = Debug|x64
		{0A520E50-6D0F-4FCC-B756-452CE0F4B9FA}.Debug|x86.ActiveCfg = Debug|Win32
		{0A520E50-6D0F-4FCC-B756-452CE0F4B9FA}.Debug|x86.Build.0 = Debug|Win32
		{0A520E50-6D0F-4FCC-B756-452CE0F4B9FA}.Release|x64.ActiveCfg = Release|x64
		{0A520E50-6D0F-4FCC-B756-452CE0F4B9FA}.Release|x64.Build.0 = Release|x64
		{0A520E50-6D0F-4FCC-B756-452CE0F4B9FA}.Release|x86.ActiveCfg = Release|Win32
		{0A520E50-6D0F-4FCC-B756-452CE0F4B9FA}.Release|x86.Build.0 = Release|Win32
		{D1134A24-05EA-418A-96B2-17D3AFCD0E91}.Debug|x64.ActiveCfg = Debug|x64
		{D1134A24-05EA-418A-96B2-17D3AFCD0E91}.Debug|x64.Build.0 = Debug|x64
		{D1134A24-05EA-418A-96B2-17D3AFCD0E91}.Debug|x86.ActiveCfg = Debug|Win32
		{D1134A24-05EA-418A-96B2-17D3AFCD0E91}.Debug|x86.Build.0 = Debug|Win32
		{D1134A24-05EA-418A-96B2-17D3AFCD0E91}.Release|x64.ActiveCfg = Release|x64
		{D1134A24-05EA-418A-96B2-17D3AFCD0E91}.Release|x64.Build.0 = Release|x64
		{D1134A24-05EA-418A-96B2-17D3AFCD0E91}.Release|x86.ActiveCfg = Release|Win32
		{D1134A24-05EA-418A-96B2-17D3AFCD0E91}.Release|x86.Build.0 = Release|Win32
		{943502E7-B2A3-4C14-B7A1-D779C90CCDB6}.Debug|x64.ActiveCfg = Debug|x64
		{943502E7-B2A3-4C14-B7A1-D779C90CCDB6}.Debug|x64.Build.0 = Debug|x64
		{943502E7-B2A3-4C14-B7A1-D779C90CCDB6}.Debug|x86.ActiveCfg = Debug|Win32
		{943502E7-B2A3-4C14-B7A1-D779C90CCDB6}.Debug|x86.Build.0 = Debug|Win32
		{943502E7-B2A3-4C14-B7A1-D779C90CCDB6}.Release|x64.ActiveCfg = Release|x64
		{943502E7-B2A3-4C14-B7A1-D779C90CCDB6}.Release|x64.Build.0 = Release|x64
		{943502E7-B2A3-4C14-B7A1-D779C90CCDB6}.Release|x86.ActiveCfg = Release|Win32
		{943502E7-B2A3-4C14-B7A1-D779C90CCDB6}.Release|x86.Build.0 = Release|Win32
		{1CFE9637-69C2-472E-94CC-01914A6BE5D6}.Debug|x64.ActiveCfg = Debug|x64
		{1CFE9637-69C2-472E-94CC-01914A6BE5D6}.Debug|x64.Build.0 = Debug|x64
		{1CFE9637-69C2-472E-94CC-01914A6BE5D6}.Debug|x86.ActiveCfg = Debug|Win32
		{1CFE9637-69C2-472E-94CC-01914A6BE5D6}.Debug|x86.Build.0 = Debug|Win32
		{1CFE9637-69C2-472E-94CC-01914A6BE5D6}.Release|x64.ActiveCfg = Release|x64
		{1CFE9637-69C2-472E-94CC-01914A6BE5D6}.Release|x64.Build.0 = Release|x64
		{1CFE9637-69C2-472E-94CC-01914A6BE5D6}.Release|x86.ActiveCfg = Release|Win32
		{1CFE9637-69C2-472E-94CC-01914A6BE5D6}.Release|x86.Build.0 = Release|Win32
		{AE6B45F7-72F9-47F1-A4A2-09D0F126514F}.Debug|x64.ActiveCfg = Debug|x64
		{AE6B45F7-72F9-47F1-A4A2-09D0F126514F}.Debug|x64.Build.0 = Debug|x64
		{AE6B45F7-72F9-47F1-A4A2-09D0F126514F}.Debug|x86.ActiveCfg = Debug|Win32
		{AE6B45F7-72F9-47F1-A4A2-09D0F126514F}.Debug|x86.Build.0 = Debug|Win32
		{AE6B45F7-72F9-47F1-A4A2-09D0F126514F}.Release|x64.ActiveCfg = Release|x64
		{AE6B45F7-72F9-47F1-A4A2-09D0F126514F}.Release|x64.Build.0 = Release|x64
		{AE6B45F7-72F9-47F1-A4A2-09D0F126514F}.Release|x86.ActiveCfg = Release|Win32
		{AE6B45F7-72F9-47F1-A4A2-09D0F126514F}.Release|x86.Build.0 = Release|Win32
	EndGlobalSection
	GlobalSection(SolutionProperties) = preSolution
		HideSolutionNode = FALSE
	EndGlobalSection
	GlobalSection(ExtensibilityGlobals) = postSolution
		SolutionGuid = {97376CB6-0DE8-461C-BEA8-877207DB2653}
	EndGlobalSection
EndGlobal
